
Microsoft Visual Studio Solution File, Format Version 12.00
# Visual Studio Version 17
VisualStudioVersion = 17.0.31903.59
MinimumVisualStudioVersion = 10.0.40219.1
Project("{FAE04EC0-301F-11D3-BF4B-00C04F79EFBC}") = "App", "App\App.csproj", "{AD7EE163-EBE8-4CB5-99AA-25D480DA8A24}"
EndProject
Project("{FAE04EC0-301F-11D3-BF4B-00C04F79EFBC}") = "Infostructure", "Infostructure\Infostructure.csproj", "{53039137-7B2B-4AC9-8E86-A57FA82EAC7F}"
EndProject
Global
	GlobalSection(SolutionConfigurationPlatforms) = preSolution
		Debug|Any CPU = Debug|Any CPU
		Release|Any CPU = Release|Any CPU
	EndGlobalSection
	GlobalSection(SolutionProperties) = preSolution
		HideSolutionNode = FALSE
	EndGlobalSection
	GlobalSection(ProjectConfigurationPlatforms) = postSolution
		{AD7EE163-EBE8-4CB5-99AA-25D480DA8A24}.Debug|Any CPU.ActiveCfg = Debug|Any CPU
		{AD7EE163-EBE8-4CB5-99AA-25D480DA8A24}.Debug|Any CPU.Build.0 = Debug|Any CPU
		{AD7EE163-EBE8-4CB5-99AA-25D480DA8A24}.Release|Any CPU.ActiveCfg = Release|Any CPU
		{AD7EE163-EBE8-4CB5-99AA-25D480DA8A24}.Release|Any CPU.Build.0 = Release|Any CPU
		{53039137-7B2B-4AC9-8E86-A57FA82EAC7F}.Debug|Any CPU.ActiveCfg = Debug|Any CPU
		{53039137-7B2B-4AC9-8E86-A57FA82EAC7F}.Debug|Any CPU.Build.0 = Debug|Any CPU
		{53039137-7B2B-4AC9-8E86-A57FA82EAC7F}.Release|Any CPU.ActiveCfg = Release|Any CPU
		{53039137-7B2B-4AC9-8E86-A57FA82EAC7F}.Release|Any CPU.Build.0 = Release|Any CPU
	EndGlobalSection
EndGlobal
